
Microsoft Visual Studio Solution File, Format Version 12.00
# Visual Studio Version 17
VisualStudioVersion = 17.0.32112.339
MinimumVisualStudioVersion = 10.0.40219.1
Project("{FAE04EC0-301F-11D3-BF4B-00C04F79EFBC}") = "MakeupStoreAppUI", "MakeupStoreAppUI\MakeupStoreAppUI.csproj", "{1F914855-E741-4361-845E-7C3E1DD52915}"
EndProject
Global
	GlobalSection(SolutionConfigurationPlatforms) = preSolution
		Debug|Any CPU = Debug|Any CPU
		Release|Any CPU = Release|Any CPU
	EndGlobalSection
	GlobalSection(ProjectConfigurationPlatforms) = postSolution
		{1F914855-E741-4361-845E-7C3E1DD52915}.Debug|Any CPU.ActiveCfg = Debug|Any CPU
		{1F914855-E741-4361-845E-7C3E1DD52915}.Debug|Any CPU.Build.0 = Debug|Any CPU
		{1F914855-E741-4361-845E-7C3E1DD52915}.Release|Any CPU.ActiveCfg = Release|Any CPU
		{1F914855-E741-4361-845E-7C3E1DD52915}.Release|Any CPU.Build.0 = Release|Any CPU
	EndGlobalSection
	GlobalSection(SolutionProperties) = preSolution
		HideSolutionNode = FALSE
	EndGlobalSection
	GlobalSection(ExtensibilityGlobals) = postSolution
		SolutionGuid = {0BDFCD8D-F4BE-42A5-9C32-B6C1E808FC61}
	EndGlobalSection
EndGlobal
